Microsoft Visual Studio Solution File, Format Version 12.00
# Visual Studio Version 17
VisualStudioVersion = 17.0.31903.59
MinimumVisualStudioVersion = 10.0.40219.1
Project("{FAE04EC0-301F-11D3-BF4B-00C04F79EFBC}") = "AlbumRobot.Sync.Core", "src\AlbumRobot.Sync.Core\AlbumRobot.Sync.Core.csproj", "{B3C3A0B1-2C09-4A1B-A4D0-1B8C2B5B2C01}"
EndProject
Project("{FAE04EC0-301F-11D3-BF4B-00C04F79EFBC}") = "AlbumRobot.Sync.App", "src\AlbumRobot.Sync.App\AlbumRobot.Sync.App.csproj", "{B3C3A0B1-2C09-4A1B-A4D0-1B8C2B5B2C02}"
EndProject
Project("{FAE04EC0-301F-11D3-BF4B-00C04F79EFBC}") = "AlbumRobot.Sync.Tests", "tests\AlbumRobot.Sync.Tests\AlbumRobot.Sync.Tests.csproj", "{B3C3A0B1-2C09-4A1B-A4D0-1B8C2B5B2C03}"
EndProject
Global
	GlobalSection(SolutionConfigurationPlatforms) = preSolution
		Debug|Any CPU = Debug|Any CPU
		Release|Any CPU = Release|Any CPU
	EndGlobalSection
	GlobalSection(ProjectConfigurationPlatforms) = postSolution
		{B3C3A0B1-2C09-4A1B-A4D0-1B8C2B5B2C01}.Debug|Any CPU.ActiveCfg = Debug|Any CPU
		{B3C3A0B1-2C09-4A1B-A4D0-1B8C2B5B2C01}.Debug|Any CPU.Build.0 = Debug|Any CPU
		{B3C3A0B1-2C09-4A1B-A4D0-1B8C2B5B2C01}.Release|Any CPU.ActiveCfg = Release|Any CPU
		{B3C3A0B1-2C09-4A1B-A4D0-1B8C2B5B2C01}.Release|Any CPU.Build.0 = Release|Any CPU
		{B3C3A0B1-2C09-4A1B-A4D0-1B8C2B5B2C02}.Debug|Any CPU.ActiveCfg = Debug|Any CPU
		{B3C3A0B1-2C09-4A1B-A4D0-1B8C2B5B2C02}.Debug|Any CPU.Build.0 = Debug|Any CPU
		{B3C3A0B1-2C09-4A1B-A4D0-1B8C2B5B2C02}.Release|Any CPU.ActiveCfg = Release|Any CPU
		{B3C3A0B1-2C09-4A1B-A4D0-1B8C2B5B2C02}.Release|Any CPU.Build.0 = Release|Any CPU
		{B3C3A0B1-2C09-4A1B-A4D0-1B8C2B5B2C03}.Debug|Any CPU.ActiveCfg = Debug|Any CPU
		{B3C3A0B1-2C09-4A1B-A4D0-1B8C2B5B2C03}.Debug|Any CPU.Build.0 = Debug|Any CPU
		{B3C3A0B1-2C09-4A1B-A4D0-1B8C2B5B2C03}.Release|Any CPU.ActiveCfg = Release|Any CPU
		{B3C3A0B1-2C09-4A1B-A4D0-1B8C2B5B2C03}.Release|Any CPU.Build.0 = Release|Any CPU
	EndGlobalSection
EndGlobal
